
Microsoft Visual Studio Solution File, Format Version 12.00
# Visual Studio Version 17
VisualStudioVersion = 17.11.35327.3
MinimumVisualStudioVersion = 10.0.40219.1
Project("{9A19103F-16F7-4668-BE54-9A1E7A4F7556}") = "StringExtensionLibrary", "StringExtensionLibrary\StringExtensionLibrary.csproj", "{FB4BB7AC-D844-418A-8E24-9E43E8428C3E}"
EndProject
Project("{9A19103F-16F7-4668-BE54-9A1E7A4F7556}") = "EnumExtensionsLibrary", "EnumExtensionsLibrary\EnumExtensionsLibrary.csproj", "{45EFEC83-B1B9-4364-A39C-9C4DBCA1E20B}"
EndProject
Project("{9A19103F-16F7-4668-BE54-9A1E7A4F7556}") = "NumericExtensionLibrary", "NumericExtensionLibrary\NumericExtensionLibrary.csproj", "{ED88AD31-5AD1-47AC-8D73-BCCC76D8783D}"
EndProject
Project("{2150E333-8FDC-42A3-9474-1A3956D46DE8}") = "Solution Items", "Solution Items", "{71A84B03-3A54-4C62-8028-E63284E46C6F}"
	ProjectSection(SolutionItems) = preProject
		README.md = README.md
	EndProjectSection
EndProject
Project("{9A19103F-16F7-4668-BE54-9A1E7A4F7556}") = "DateTimeExtensionsLibrary", "DateTimeExtensionsLibrary\DateTimeExtensionsLibrary.csproj", "{071203FC-75A0-4501-82BF-4B2255BC7C19}"
EndProject
Project("{9A19103F-16F7-4668-BE54-9A1E7A4F7556}") = "ObjectExtensionsLibrary", "ObjectExtensionsLibrary\ObjectExtensionsLibrary.csproj", "{F7A48A14-B153-4A5F-88BB-0F6AA484C992}"
EndProject
Project("{9A19103F-16F7-4668-BE54-9A1E7A4F7556}") = "QueryableExtensionsLibrary", "QueryableExtensionsLibrary\QueryableExtensionsLibrary.csproj", "{D57B2F28-D676-49D0-92C3-A17DCE28A9E1}"
EndProject
Project("{9A19103F-16F7-4668-BE54-9A1E7A4F7556}") = "ClaimsPrincipalExtensionsLibrary", "ClaimsPrincipalExtensionsLibrary\ClaimsPrincipalExtensionsLibrary.csproj", "{3ACEFC93-9311-490F-ABB5-E23267037D53}"
EndProject
Project("{9A19103F-16F7-4668-BE54-9A1E7A4F7556}") = "AssemblyExtensionLibrary", "AssemblyExtensionLibrary\AssemblyExtensionLibrary.csproj", "{5E243738-0593-4B4B-B741-1C25F64AF16D}"
EndProject
Project("{FAE04EC0-301F-11D3-BF4B-00C04F79EFBC}") = "HttpClientExtensionsLibrary", "HttpClientExtensionsLibrary\HttpClientExtensionsLibrary.csproj", "{6A3B1C82-7D4B-426A-AFD7-63F60D62B677}"
EndProject
Project("{FAE04EC0-301F-11D3-BF4B-00C04F79EFBC}") = "CollectionExtensionsLibrary", "CollectionExtensionsLibrary\CollectionExtensionsLibrary.csproj", "{6AEA46AF-5A3A-4D43-8655-4556A1196DE4}"
EndProject
Project("{2150E333-8FDC-42A3-9474-1A3956D46DE8}") = "tests", "tests", "{0AB3BF05-4346-4AA6-1389-037BE0695223}"
EndProject
Project("{FAE04EC0-301F-11D3-BF4B-00C04F79EFBC}") = "AssemblyExtensionLibrary.Tests", "tests\AssemblyExtensionLibrary.Tests\AssemblyExtensionLibrary.Tests.csproj", "{2EF83FF3-EBAF-4A50-97E4-1297CBD76172}"
EndProject
Project("{FAE04EC0-301F-11D3-BF4B-00C04F79EFBC}") = "ClaimsPrincipalExtensionsLibrary.Tests", "tests\ClaimsPrincipalExtensionsLibrary.Tests\ClaimsPrincipalExtensionsLibrary.Tests.csproj", "{A2966F7F-AE15-4E48-9762-D41612979D5C}"
EndProject
Project("{FAE04EC0-301F-11D3-BF4B-00C04F79EFBC}") = "CollectionExtensionsLibrary.Tests", "tests\CollectionExtensionsLibrary.Tests\CollectionExtensionsLibrary.Tests.csproj", "{DC547240-6002-4918-8763-C41F1EE717B8}"
EndProject
Project("{FAE04EC0-301F-11D3-BF4B-00C04F79EFBC}") = "DateTimeExtensionsLibrary.Tests", "tests\DateTimeExtensionsLibrary.Tests\DateTimeExtensionsLibrary.Tests.csproj", "{0D5FD122-2731-4383-8E90-18F01CD63FA6}"
EndProject
Project("{FAE04EC0-301F-11D3-BF4B-00C04F79EFBC}") = "EnumExtensionsLibrary.Tests", "tests\EnumExtensionsLibrary.Tests\EnumExtensionsLibrary.Tests.csproj", "{F0A87828-F60C-49BC-B032-E0C5B0D8D880}"
EndProject
Project("{FAE04EC0-301F-11D3-BF4B-00C04F79EFBC}") = "HttpClientExtensionsLibrary.Tests", "tests\HttpClientExtensionsLibrary.Tests\HttpClientExtensionsLibrary.Tests.csproj", "{51A0567E-9E2F-4DA4-A2AB-F201995E4003}"
EndProject
Project("{FAE04EC0-301F-11D3-BF4B-00C04F79EFBC}") = "NumericExtensionLibrary.Tests", "tests\NumericExtensionLibrary.Tests\NumericExtensionLibrary.Tests.csproj", "{779892E4-B780-4A8A-9445-E7CC3FC7476E}"
EndProject
Project("{FAE04EC0-301F-11D3-BF4B-00C04F79EFBC}") = "ObjectExtensionsLibrary.Tests", "tests\ObjectExtensionsLibrary.Tests\ObjectExtensionsLibrary.Tests.csproj", "{79508072-7292-4066-BD2E-F89A42F9A2D3}"
EndProject
Project("{FAE04EC0-301F-11D3-BF4B-00C04F79EFBC}") = "QueryableExtensionsLibrary.Tests", "tests\QueryableExtensionsLibrary.Tests\QueryableExtensionsLibrary.Tests.csproj", "{A22E537A-0ADD-42B0-89B5-E91137E824CA}"
EndProject
Project("{FAE04EC0-301F-11D3-BF4B-00C04F79EFBC}") = "StringExtensionLibrary.Tests", "tests\StringExtensionLibrary.Tests\StringExtensionLibrary.Tests.csproj", "{2D1B2524-4F83-4471-BAC0-B9A7C5E3EEF6}"
EndProject
Project("{2150E333-8FDC-42A3-9474-1A3956D46DE8}") = "examples", "examples", "{B36A84DF-456D-A817-6EDD-3EC3E7F6E11F}"
EndProject
Project("{FAE04EC0-301F-11D3-BF4B-00C04F79EFBC}") = "ExtensionLibrary.Showcase", "examples\ExtensionLibrary.Showcase\ExtensionLibrary.Showcase.csproj", "{8FD45E4C-2ECD-40B4-A781-1447D0634C51}"
EndProject
Project("{2150E333-8FDC-42A3-9474-1A3956D46DE8}") = "metapackages", "metapackages", "{D18C733F-F0AF-5D73-050B-FEB441D28B93}"
EndProject
Project("{FAE04EC0-301F-11D3-BF4B-00C04F79EFBC}") = "TL.ExtensionLibrary.Domain", "metapackages\TL.ExtensionLibrary.Domain\TL.ExtensionLibrary.Domain.csproj", "{60267761-FF04-4328-8F3D-7915FEC21F4C}"
EndProject
Project("{FAE04EC0-301F-11D3-BF4B-00C04F79EFBC}") = "TL.ExtensionLibrary.Application", "metapackages\TL.ExtensionLibrary.Application\TL.ExtensionLibrary.Application.csproj", "{A98CDBE9-39AB-4BEB-81C2-9DB64A57B82A}"
EndProject
Project("{FAE04EC0-301F-11D3-BF4B-00C04F79EFBC}") = "TL.ExtensionLibrary.Infrastructure", "metapackages\TL.ExtensionLibrary.Infrastructure\TL.ExtensionLibrary.Infrastructure.csproj", "{146E994E-A70C-44D3-9636-61D695C02DE2}"
EndProject
Project("{FAE04EC0-301F-11D3-BF4B-00C04F79EFBC}") = "ExtensionLibrary.Architecture.Tests", "tests\ExtensionLibrary.Architecture.Tests\ExtensionLibrary.Architecture.Tests.csproj", "{2ACA7C18-8B8A-4A35-A497-81C628AE3624}"
EndProject
Project("{2150E333-8FDC-42A3-9474-1A3956D46DE8}") = "benchmarks", "benchmarks", "{66320409-64EC-F7C5-3DEF-65E7510DAAD1}"
EndProject
Project("{FAE04EC0-301F-11D3-BF4B-00C04F79EFBC}") = "ExtensionLibrary.Benchmarks", "benchmarks\ExtensionLibrary.Benchmarks\ExtensionLibrary.Benchmarks.csproj", "{AFB90D66-6DDB-493F-8718-E602E5A185A0}"
EndProject
Global
	GlobalSection(SolutionConfigurationPlatforms) = preSolution
		Debug|Any CPU = Debug|Any CPU
		Debug|x64 = Debug|x64
		Debug|x86 = Debug|x86
		Release|Any CPU = Release|Any CPU
		Release|x64 = Release|x64
		Release|x86 = Release|x86
	EndGlobalSection
	GlobalSection(ProjectConfigurationPlatforms) = postSolution
		{FB4BB7AC-D844-418A-8E24-9E43E8428C3E}.Debug|Any CPU.ActiveCfg = Debug|Any CPU
		{FB4BB7AC-D844-418A-8E24-9E43E8428C3E}.Debug|Any CPU.Build.0 = Debug|Any CPU
		{FB4BB7AC-D844-418A-8E24-9E43E8428C3E}.Debug|x64.ActiveCfg = Debug|Any CPU
		{FB4BB7AC-D844-418A-8E24-9E43E8428C3E}.Debug|x64.Build.0 = Debug|Any CPU
		{FB4BB7AC-D844-418A-8E24-9E43E8428C3E}.Debug|x86.ActiveCfg = Debug|Any CPU
		{FB4BB7AC-D844-418A-8E24-9E43E8428C3E}.Debug|x86.Build.0 = Debug|Any CPU
		{FB4BB7AC-D844-418A-8E24-9E43E8428C3E}.Release|Any CPU.ActiveCfg = Release|Any CPU
		{FB4BB7AC-D844-418A-8E24-9E43E8428C3E}.Release|Any CPU.Build.0 = Release|Any CPU
		{FB4BB7AC-D844-418A-8E24-9E43E8428C3E}.Release|x64.ActiveCfg = Release|Any CPU
		{FB4BB7AC-D844-418A-8E24-9E43E8428C3E}.Release|x64.Build.0 = Release|Any CPU
		{FB4BB7AC-D844-418A-8E24-9E43E8428C3E}.Release|x86.ActiveCfg = Release|Any CPU
		{FB4BB7AC-D844-418A-8E24-9E43E8428C3E}.Release|x86.Build.0 = Release|Any CPU
		{45EFEC83-B1B9-4364-A39C-9C4DBCA1E20B}.Debug|Any CPU.ActiveCfg = Debug|Any CPU
		{45EFEC83-B1B9-4364-A39C-9C4DBCA1E20B}.Debug|Any CPU.Build.0 = Debug|Any CPU
		{45EFEC83-B1B9-4364-A39C-9C4DBCA1E20B}.Debug|x64.ActiveCfg = Debug|Any CPU
		{45EFEC83-B1B9-4364-A39C-9C4DBCA1E20B}.Debug|x64.Build.0 = Debug|Any CPU
		{45EFEC83-B1B9-4364-A39C-9C4DBCA1E20B}.Debug|x86.ActiveCfg = Debug|Any CPU
		{45EFEC83-B1B9-4364-A39C-9C4DBCA1E20B}.Debug|x86.Build.0 = Debug|Any CPU
		{45EFEC83-B1B9-4364-A39C-9C4DBCA1E20B}.Release|Any CPU.ActiveCfg = Release|Any CPU
		{45EFEC83-B1B9-4364-A39C-9C4DBCA1E20B}.Release|Any CPU.Build.0 = Release|Any CPU
		{45EFEC83-B1B9-4364-A39C-9C4DBCA1E20B}.Release|x64.ActiveCfg = Release|Any CPU
		{45EFEC83-B1B9-4364-A39C-9C4DBCA1E20B}.Release|x64.Build.0 = Release|Any CPU
		{45EFEC83-B1B9-4364-A39C-9C4DBCA1E20B}.Release|x86.ActiveCfg = Release|Any CPU
		{45EFEC83-B1B9-4364-A39C-9C4DBCA1E20B}.Release|x86.Build.0 = Release|Any CPU
		{ED88AD31-5AD1-47AC-8D73-BCCC76D8783D}.Debug|Any CPU.ActiveCfg = Debug|Any CPU
		{ED88AD31-5AD1-47AC-8D73-BCCC76D8783D}.Debug|Any CPU.Build.0 = Debug|Any CPU
		{ED88AD31-5AD1-47AC-8D73-BCCC76D8783D}.Debug|x64.ActiveCfg = Debug|Any CPU
		{ED88AD31-5AD1-47AC-8D73-BCCC76D8783D}.Debug|x64.Build.0 = Debug|Any CPU
		{ED88AD31-5AD1-47AC-8D73-BCCC76D8783D}.Debug|x86.ActiveCfg = Debug|Any CPU
		{ED88AD31-5AD1-47AC-8D73-BCCC76D8783D}.Debug|x86.Build.0 = Debug|Any CPU
		{ED88AD31-5AD1-47AC-8D73-BCCC76D8783D}.Release|Any CPU.ActiveCfg = Release|Any CPU
		{ED88AD31-5AD1-47AC-8D73-BCCC76D8783D}.Release|Any CPU.Build.0 = Release|Any CPU
		{ED88AD31-5AD1-47AC-8D73-BCCC76D8783D}.Release|x64.ActiveCfg = Release|Any CPU
		{ED88AD31-5AD1-47AC-8D73-BCCC76D8783D}.Release|x64.Build.0 = Release|Any CPU
		{ED88AD31-5AD1-47AC-8D73-BCCC76D8783D}.Release|x86.ActiveCfg = Release|Any CPU
		{ED88AD31-5AD1-47AC-8D73-BCCC76D8783D}.Release|x86.Build.0 = Release|Any CPU
		{071203FC-75A0-4501-82BF-4B2255BC7C19}.Debug|Any CPU.ActiveCfg = Debug|Any CPU
		{071203FC-75A0-4501-82BF-4B2255BC7C19}.Debug|Any CPU.Build.0 = Debug|Any CPU
		{071203FC-75A0-4501-82BF-4B2255BC7C19}.Debug|x64.ActiveCfg = Debug|Any CPU
		{071203FC-75A0-4501-82BF-4B2255BC7C19}.Debug|x64.Build.0 = Debug|Any CPU
		{071203FC-75A0-4501-82BF-4B2255BC7C19}.Debug|x86.ActiveCfg = Debug|Any CPU
		{071203FC-75A0-4501-82BF-4B2255BC7C19}.Debug|x86.Build.0 = Debug|Any CPU
		{071203FC-75A0-4501-82BF-4B2255BC7C19}.Release|Any CPU.ActiveCfg = Release|Any CPU
		{071203FC-75A0-4501-82BF-4B2255BC7C19}.Release|Any CPU.Build.0 = Release|Any CPU
		{071203FC-75A0-4501-82BF-4B2255BC7C19}.Release|x64.ActiveCfg = Release|Any CPU
		{071203FC-75A0-4501-82BF-4B2255BC7C19}.Release|x64.Build.0 = Release|Any CPU
		{071203FC-75A0-4501-82BF-4B2255BC7C19}.Release|x86.ActiveCfg = Release|Any CPU
		{071203FC-75A0-4501-82BF-4B2255BC7C19}.Release|x86.Build.0 = Release|Any CPU
		{F7A48A14-B153-4A5F-88BB-0F6AA484C992}.Debug|Any CPU.ActiveCfg = Debug|Any CPU
		{F7A48A14-B153-4A5F-88BB-0F6AA484C992}.Debug|Any CPU.Build.0 = Debug|Any CPU
		{F7A48A14-B153-4A5F-88BB-0F6AA484C992}.Debug|x64.ActiveCfg = Debug|Any CPU
		{F7A48A14-B153-4A5F-88BB-0F6AA484C992}.Debug|x64.Build.0 = Debug|Any CPU
		{F7A48A14-B153-4A5F-88BB-0F6AA484C992}.Debug|x86.ActiveCfg = Debug|Any CPU
		{F7A48A14-B153-4A5F-88BB-0F6AA484C992}.Debug|x86.Build.0 = Debug|Any CPU
		{F7A48A14-B153-4A5F-88BB-0F6AA484C992}.Release|Any CPU.ActiveCfg = Release|Any CPU
		{F7A48A14-B153-4A5F-88BB-0F6AA484C992}.Release|Any CPU.Build.0 = Release|Any CPU
		{F7A48A14-B153-4A5F-88BB-0F6AA484C992}.Release|x64.ActiveCfg = Release|Any CPU
		{F7A48A14-B153-4A5F-88BB-0F6AA484C992}.Release|x64.Build.0 = Release|Any CPU
		{F7A48A14-B153-4A5F-88BB-0F6AA484C992}.Release|x86.ActiveCfg = Release|Any CPU
		{F7A48A14-B153-4A5F-88BB-0F6AA484C992}.Release|x86.Build.0 = Release|Any CPU
		{D57B2F28-D676-49D0-92C3-A17DCE28A9E1}.Debug|Any CPU.ActiveCfg = Debug|Any CPU
		{D57B2F28-D676-49D0-92C3-A17DCE28A9E1}.Debug|Any CPU.Build.0 = Debug|Any CPU
		{D57B2F28-D676-49D0-92C3-A17DCE28A9E1}.Debug|x64.ActiveCfg = Debug|Any CPU
		{D57B2F28-D676-49D0-92C3-A17DCE28A9E1}.Debug|x64.Build.0 = Debug|Any CPU
		{D57B2F28-D676-49D0-92C3-A17DCE28A9E1}.Debug|x86.ActiveCfg = Debug|Any CPU
		{D57B2F28-D676-49D0-92C3-A17DCE28A9E1}.Debug|x86.Build.0 = Debug|Any CPU
		{D57B2F28-D676-49D0-92C3-A17DCE28A9E1}.Release|Any CPU.ActiveCfg = Release|Any CPU
		{D57B2F28-D676-49D0-92C3-A17DCE28A9E1}.Release|Any CPU.Build.0 = Release|Any CPU
		{D57B2F28-D676-49D0-92C3-A17DCE28A9E1}.Release|x64.ActiveCfg = Release|Any CPU
		{D57B2F28-D676-49D0-92C3-A17DCE28A9E1}.Release|x64.Build.0 = Release|Any CPU
		{D57B2F28-D676-49D0-92C3-A17DCE28A9E1}.Release|x86.ActiveCfg = Release|Any CPU
		{D57B2F28-D676-49D0-92C3-A17DCE28A9E1}.Release|x86.Build.0 = Release|Any CPU
		{3ACEFC93-9311-490F-ABB5-E23267037D53}.Debug|Any CPU.ActiveCfg = Debug|Any CPU
		{3ACEFC93-9311-490F-ABB5-E23267037D53}.Debug|Any CPU.Build.0 = Debug|Any CPU
		{3ACEFC93-9311-490F-ABB5-E23267037D53}.Debug|x64.ActiveCfg = Debug|Any CPU
		{3ACEFC93-9311-490F-ABB5-E23267037D53}.Debug|x64.Build.0 = Debug|Any CPU
		{3ACEFC93-9311-490F-ABB5-E23267037D53}.Debug|x86.ActiveCfg = Debug|Any CPU
		{3ACEFC93-9311-490F-ABB5-E23267037D53}.Debug|x86.Build.0 = Debug|Any CPU
		{3ACEFC93-9311-490F-ABB5-E23267037D53}.Release|Any CPU.ActiveCfg = Release|Any CPU
		{3ACEFC93-9311-490F-ABB5-E23267037D53}.Release|Any CPU.Build.0 = Release|Any CPU
		{3ACEFC93-9311-490F-ABB5-E23267037D53}.Release|x64.ActiveCfg = Release|Any CPU
		{3ACEFC93-9311-490F-ABB5-E23267037D53}.Release|x64.Build.0 = Release|Any CPU
		{3ACEFC93-9311-490F-ABB5-E23267037D53}.Release|x86.ActiveCfg = Release|Any CPU
		{3ACEFC93-9311-490F-ABB5-E23267037D53}.Release|x86.Build.0 = Release|Any CPU
		{5E243738-0593-4B4B-B741-1C25F64AF16D}.Debug|Any CPU.ActiveCfg = Debug|Any CPU
		{5E243738-0593-4B4B-B741-1C25F64AF16D}.Debug|Any CPU.Build.0 = Debug|Any CPU
		{5E243738-0593-4B4B-B741-1C25F64AF16D}.Debug|x64.ActiveCfg = Debug|Any CPU
		{5E243738-0593-4B4B-B741-1C25F64AF16D}.Debug|x64.Build.0 = Debug|Any CPU
		{5E243738-0593-4B4B-B741-1C25F64AF16D}.Debug|x86.ActiveCfg = Debug|Any CPU
		{5E243738-0593-4B4B-B741-1C25F64AF16D}.Debug|x86.Build.0 = Debug|Any CPU
		{5E243738-0593-4B4B-B741-1C25F64AF16D}.Release|Any CPU.ActiveCfg = Release|Any CPU
		{5E243738-0593-4B4B-B741-1C25F64AF16D}.Release|Any CPU.Build.0 = Release|Any CPU
		{5E243738-0593-4B4B-B741-1C25F64AF16D}.Release|x64.ActiveCfg = Release|Any CPU
		{5E243738-0593-4B4B-B741-1C25F64AF16D}.Release|x64.Build.0 = Release|Any CPU
		{5E243738-0593-4B4B-B741-1C25F64AF16D}.Release|x86.ActiveCfg = Release|Any CPU
		{5E243738-0593-4B4B-B741-1C25F64AF16D}.Release|x86.Build.0 = Release|Any CPU
		{6A3B1C82-7D4B-426A-AFD7-63F60D62B677}.Debug|Any CPU.ActiveCfg = Debug|Any CPU
		{6A3B1C82-7D4B-426A-AFD7-63F60D62B677}.Debug|Any CPU.Build.0 = Debug|Any CPU
		{6A3B1C82-7D4B-426A-AFD7-63F60D62B677}.Debug|x64.ActiveCfg = Debug|Any CPU
		{6A3B1C82-7D4B-426A-AFD7-63F60D62B677}.Debug|x64.Build.0 = Debug|Any CPU
		{6A3B1C82-7D4B-426A-AFD7-63F60D62B677}.Debug|x86.ActiveCfg = Debug|Any CPU
		{6A3B1C82-7D4B-426A-AFD7-63F60D62B677}.Debug|x86.Build.0 = Debug|Any CPU
		{6A3B1C82-7D4B-426A-AFD7-63F60D62B677}.Release|Any CPU.ActiveCfg = Release|Any CPU
		{6A3B1C82-7D4B-426A-AFD7-63F60D62B677}.Release|Any CPU.Build.0 = Release|Any CPU
		{6A3B1C82-7D4B-426A-AFD7-63F60D62B677}.Release|x64.ActiveCfg = Release|Any CPU
		{6A3B1C82-7D4B-426A-AFD7-63F60D62B677}.Release|x64.Build.0 = Release|Any CPU
		{6A3B1C82-7D4B-426A-AFD7-63F60D62B677}.Release|x86.ActiveCfg = Release|Any CPU
		{6A3B1C82-7D4B-426A-AFD7-63F60D62B677}.Release|x86.Build.0 = Release|Any CPU
		{6AEA46AF-5A3A-4D43-8655-4556A1196DE4}.Debug|Any CPU.ActiveCfg = Debug|Any CPU
		{6AEA46AF-5A3A-4D43-8655-4556A1196DE4}.Debug|Any CPU.Build.0 = Debug|Any CPU
		{6AEA46AF-5A3A-4D43-8655-4556A1196DE4}.Debug|x64.ActiveCfg = Debug|Any CPU
		{6AEA46AF-5A3A-4D43-8655-4556A1196DE4}.Debug|x64.Build.0 = Debug|Any CPU
		{6AEA46AF-5A3A-4D43-8655-4556A1196DE4}.Debug|x86.ActiveCfg = Debug|Any CPU
		{6AEA46AF-5A3A-4D43-8655-4556A1196DE4}.Debug|x86.Build.0 = Debug|Any CPU
		{6AEA46AF-5A3A-4D43-8655-4556A1196DE4}.Release|Any CPU.ActiveCfg = Release|Any CPU
		{6AEA46AF-5A3A-4D43-8655-4556A1196DE4}.Release|Any CPU.Build.0 = Release|Any CPU
		{6AEA46AF-5A3A-4D43-8655-4556A1196DE4}.Release|x64.ActiveCfg = Release|Any CPU
		{6AEA46AF-5A3A-4D43-8655-4556A1196DE4}.Release|x64.Build.0 = Release|Any CPU
		{6AEA46AF-5A3A-4D43-8655-4556A1196DE4}.Release|x86.ActiveCfg = Release|Any CPU
		{6AEA46AF-5A3A-4D43-8655-4556A1196DE4}.Release|x86.Build.0 = Release|Any CPU
		{2EF83FF3-EBAF-4A50-97E4-1297CBD76172}.Debug|Any CPU.ActiveCfg = Debug|Any CPU
		{2EF83FF3-EBAF-4A50-97E4-1297CBD76172}.Debug|Any CPU.Build.0 = Debug|Any CPU
		{2EF83FF3-EBAF-4A50-97E4-1297CBD76172}.Debug|x64.ActiveCfg = Debug|Any CPU
		{2EF83FF3-EBAF-4A50-97E4-1297CBD76172}.Debug|x64.Build.0 = Debug|Any CPU
		{2EF83FF3-EBAF-4A50-97E4-1297CBD76172}.Debug|x86.ActiveCfg = Debug|Any CPU
		{2EF83FF3-EBAF-4A50-97E4-1297CBD76172}.Debug|x86.Build.0 = Debug|Any CPU
		{2EF83FF3-EBAF-4A50-97E4-1297CBD76172}.Release|Any CPU.ActiveCfg = Release|Any CPU
		{2EF83FF3-EBAF-4A50-97E4-1297CBD76172}.Release|Any CPU.Build.0 = Release|Any CPU
		{2EF83FF3-EBAF-4A50-97E4-1297CBD76172}.Release|x64.ActiveCfg = Release|Any CPU
		{2EF83FF3-EBAF-4A50-97E4-1297CBD76172}.Release|x64.Build.0 = Release|Any CPU
		{2EF83FF3-EBAF-4A50-97E4-1297CBD76172}.Release|x86.ActiveCfg = Release|Any CPU
		{2EF83FF3-EBAF-4A50-97E4-1297CBD76172}.Release|x86.Build.0 = Release|Any CPU
		{A2966F7F-AE15-4E48-9762-D41612979D5C}.Debug|Any CPU.ActiveCfg = Debug|Any CPU
		{A2966F7F-AE15-4E48-9762-D41612979D5C}.Debug|Any CPU.Build.0 = Debug|Any CPU
		{A2966F7F-AE15-4E48-9762-D41612979D5C}.Debug|x64.ActiveCfg = Debug|Any CPU
		{A2966F7F-AE15-4E48-9762-D41612979D5C}.Debug|x64.Build.0 = Debug|Any CPU
		{A2966F7F-AE15-4E48-9762-D41612979D5C}.Debug|x86.ActiveCfg = Debug|Any CPU
		{A2966F7F-AE15-4E48-9762-D41612979D5C}.Debug|x86.Build.0 = Debug|Any CPU
		{A2966F7F-AE15-4E48-9762-D41612979D5C}.Release|Any CPU.ActiveCfg = Release|Any CPU
		{A2966F7F-AE15-4E48-9762-D41612979D5C}.Release|Any CPU.Build.0 = Release|Any CPU
		{A2966F7F-AE15-4E48-9762-D41612979D5C}.Release|x64.ActiveCfg = Release|Any CPU
		{A2966F7F-AE15-4E48-9762-D41612979D5C}.Release|x64.Build.0 = Release|Any CPU
		{A2966F7F-AE15-4E48-9762-D41612979D5C}.Release|x86.ActiveCfg = Release|Any CPU
		{A2966F7F-AE15-4E48-9762-D41612979D5C}.Release|x86.Build.0 = Release|Any CPU
		{DC547240-6002-4918-8763-C41F1EE717B8}.Debug|Any CPU.ActiveCfg = Debug|Any CPU
		{DC547240-6002-4918-8763-C41F1EE717B8}.Debug|Any CPU.Build.0 = Debug|Any CPU
		{DC547240-6002-4918-8763-C41F1EE717B8}.Debug|x64.ActiveCfg = Debug|Any CPU
		{DC547240-6002-4918-8763-C41F1EE717B8}.Debug|x64.Build.0 = Debug|Any CPU
		{DC547240-6002-4918-8763-C41F1EE717B8}.Debug|x86.ActiveCfg = Debug|Any CPU
		{DC547240-6002-4918-8763-C41F1EE717B8}.Debug|x86.Build.0 = Debug|Any CPU
		{DC547240-6002-4918-8763-C41F1EE717B8}.Release|Any CPU.ActiveCfg = Release|Any CPU
		{DC547240-6002-4918-8763-C41F1EE717B8}.Release|Any CPU.Build.0 = Release|Any CPU
		{DC547240-6002-4918-8763-C41F1EE717B8}.Release|x64.ActiveCfg = Release|Any CPU
		{DC547240-6002-4918-8763-C41F1EE717B8}.Release|x64.Build.0 = Release|Any CPU
		{DC547240-6002-4918-8763-C41F1EE717B8}.Release|x86.ActiveCfg = Release|Any CPU
		{DC547240-6002-4918-8763-C41F1EE717B8}.Release|x86.Build.0 = Release|Any CPU
		{0D5FD122-2731-4383-8E90-18F01CD63FA6}.Debug|Any CPU.ActiveCfg = Debug|Any CPU
		{0D5FD122-2731-4383-8E90-18F01CD63FA6}.Debug|Any CPU.Build.0 = Debug|Any CPU
		{0D5FD122-2731-4383-8E90-18F01CD63FA6}.Debug|x64.ActiveCfg = Debug|Any CPU
		{0D5FD122-2731-4383-8E90-18F01CD63FA6}.Debug|x64.Build.0 = Debug|Any CPU
		{0D5FD122-2731-4383-8E90-18F01CD63FA6}.Debug|x86.ActiveCfg = Debug|Any CPU
		{0D5FD122-2731-4383-8E90-18F01CD63FA6}.Debug|x86.Build.0 = Debug|Any CPU
		{0D5FD122-2731-4383-8E90-18F01CD63FA6}.Release|Any CPU.ActiveCfg = Release|Any CPU
		{0D5FD122-2731-4383-8E90-18F01CD63FA6}.Release|Any CPU.Build.0 = Release|Any CPU
		{0D5FD122-2731-4383-8E90-18F01CD63FA6}.Release|x64.ActiveCfg = Release|Any CPU
		{0D5FD122-2731-4383-8E90-18F01CD63FA6}.Release|x64.Build.0 = Release|Any CPU
		{0D5FD122-2731-4383-8E90-18F01CD63FA6}.Release|x86.ActiveCfg = Release|Any CPU
		{0D5FD122-2731-4383-8E90-18F01CD63FA6}.Release|x86.Build.0 = Release|Any CPU
		{F0A87828-F60C-49BC-B032-E0C5B0D8D880}.Debug|Any CPU.ActiveCfg = Debug|Any CPU
		{F0A87828-F60C-49BC-B032-E0C5B0D8D880}.Debug|Any CPU.Build.0 = Debug|Any CPU
		{F0A87828-F60C-49BC-B032-E0C5B0D8D880}.Debug|x64.ActiveCfg = Debug|Any CPU
		{F0A87828-F60C-49BC-B032-E0C5B0D8D880}.Debug|x64.Build.0 = Debug|Any CPU
		{F0A87828-F60C-49BC-B032-E0C5B0D8D880}.Debug|x86.ActiveCfg = Debug|Any CPU
		{F0A87828-F60C-49BC-B032-E0C5B0D8D880}.Debug|x86.Build.0 = Debug|Any CPU
		{F0A87828-F60C-49BC-B032-E0C5B0D8D880}.Release|Any CPU.ActiveCfg = Release|Any CPU
		{F0A87828-F60C-49BC-B032-E0C5B0D8D880}.Release|Any CPU.Build.0 = Release|Any CPU
		{F0A87828-F60C-49BC-B032-E0C5B0D8D880}.Release|x64.ActiveCfg = Release|Any CPU
		{F0A87828-F60C-49BC-B032-E0C5B0D8D880}.Release|x64.Build.0 = Release|Any CPU
		{F0A87828-F60C-49BC-B032-E0C5B0D8D880}.Release|x86.ActiveCfg = Release|Any CPU
		{F0A87828-F60C-49BC-B032-E0C5B0D8D880}.Release|x86.Build.0 = Release|Any CPU
		{51A0567E-9E2F-4DA4-A2AB-F201995E4003}.Debug|Any CPU.ActiveCfg = Debug|Any CPU
		{51A0567E-9E2F-4DA4-A2AB-F201995E4003}.Debug|Any CPU.Build.0 = Debug|Any CPU
		{51A0567E-9E2F-4DA4-A2AB-F201995E4003}.Debug|x64.ActiveCfg = Debug|Any CPU
		{51A0567E-9E2F-4DA4-A2AB-F201995E4003}.Debug|x64.Build.0 = Debug|Any CPU
		{51A0567E-9E2F-4DA4-A2AB-F201995E4003}.Debug|x86.ActiveCfg = Debug|Any CPU
		{51A0567E-9E2F-4DA4-A2AB-F201995E4003}.Debug|x86.Build.0 = Debug|Any CPU
		{51A0567E-9E2F-4DA4-A2AB-F201995E4003}.Release|Any CPU.ActiveCfg = Release|Any CPU
		{51A0567E-9E2F-4DA4-A2AB-F201995E4003}.Release|Any CPU.Build.0 = Release|Any CPU
		{51A0567E-9E2F-4DA4-A2AB-F201995E4003}.Release|x64.ActiveCfg = Release|Any CPU
		{51A0567E-9E2F-4DA4-A2AB-F201995E4003}.Release|x64.Build.0 = Release|Any CPU
		{51A0567E-9E2F-4DA4-A2AB-F201995E4003}.Release|x86.ActiveCfg = Release|Any CPU
		{51A0567E-9E2F-4DA4-A2AB-F201995E4003}.Release|x86.Build.0 = Release|Any CPU
		{779892E4-B780-4A8A-9445-E7CC3FC7476E}.Debug|Any CPU.ActiveCfg = Debug|Any CPU
		{779892E4-B780-4A8A-9445-E7CC3FC7476E}.Debug|Any CPU.Build.0 = Debug|Any CPU
		{779892E4-B780-4A8A-9445-E7CC3FC7476E}.Debug|x64.ActiveCfg = Debug|Any CPU
		{779892E4-B780-4A8A-9445-E7CC3FC7476E}.Debug|x64.Build.0 = Debug|Any CPU
		{779892E4-B780-4A8A-9445-E7CC3FC7476E}.Debug|x86.ActiveCfg = Debug|Any CPU
		{779892E4-B780-4A8A-9445-E7CC3FC7476E}.Debug|x86.Build.0 = Debug|Any CPU
		{779892E4-B780-4A8A-9445-E7CC3FC7476E}.Release|Any CPU.ActiveCfg = Release|Any CPU
		{779892E4-B780-4A8A-9445-E7CC3FC7476E}.Release|Any CPU.Build.0 = Release|Any CPU
		{779892E4-B780-4A8A-9445-E7CC3FC7476E}.Release|x64.ActiveCfg = Release|Any CPU
		{779892E4-B780-4A8A-9445-E7CC3FC7476E}.Release|x64.Build.0 = Release|Any CPU
		{779892E4-B780-4A8A-9445-E7CC3FC7476E}.Release|x86.ActiveCfg = Release|Any CPU
		{779892E4-B780-4A8A-9445-E7CC3FC7476E}.Release|x86.Build.0 = Release|Any CPU
		{79508072-7292-4066-BD2E-F89A42F9A2D3}.Debug|Any CPU.ActiveCfg = Debug|Any CPU
		{79508072-7292-4066-BD2E-F89A42F9A2D3}.Debug|Any CPU.Build.0 = Debug|Any CPU
		{79508072-7292-4066-BD2E-F89A42F9A2D3}.Debug|x64.ActiveCfg = Debug|Any CPU
		{79508072-7292-4066-BD2E-F89A42F9A2D3}.Debug|x64.Build.0 = Debug|Any CPU
		{79508072-7292-4066-BD2E-F89A42F9A2D3}.Debug|x86.ActiveCfg = Debug|Any CPU
		{79508072-7292-4066-BD2E-F89A42F9A2D3}.Debug|x86.Build.0 = Debug|Any CPU
		{79508072-7292-4066-BD2E-F89A42F9A2D3}.Release|Any CPU.ActiveCfg = Release|Any CPU
		{79508072-7292-4066-BD2E-F89A42F9A2D3}.Release|Any CPU.Build.0 = Release|Any CPU
		{79508072-7292-4066-BD2E-F89A42F9A2D3}.Release|x64.ActiveCfg = Release|Any CPU
		{79508072-7292-4066-BD2E-F89A42F9A2D3}.Release|x64.Build.0 = Release|Any CPU
		{79508072-7292-4066-BD2E-F89A42F9A2D3}.Release|x86.ActiveCfg = Release|Any CPU
		{79508072-7292-4066-BD2E-F89A42F9A2D3}.Release|x86.Build.0 = Release|Any CPU
		{A22E537A-0ADD-42B0-89B5-E91137E824CA}.Debug|Any CPU.ActiveCfg = Debug|Any CPU
		{A22E537A-0ADD-42B0-89B5-E91137E824CA}.Debug|Any CPU.Build.0 = Debug|Any CPU
		{A22E537A-0ADD-42B0-89B5-E91137E824CA}.Debug|x64.ActiveCfg = Debug|Any CPU
		{A22E537A-0ADD-42B0-89B5-E91137E824CA}.Debug|x64.Build.0 = Debug|Any CPU
		{A22E537A-0ADD-42B0-89B5-E91137E824CA}.Debug|x86.ActiveCfg = Debug|Any CPU
		{A22E537A-0ADD-42B0-89B5-E91137E824CA}.Debug|x86.Build.0 = Debug|Any CPU
		{A22E537A-0ADD-42B0-89B5-E91137E824CA}.Release|Any CPU.ActiveCfg = Release|Any CPU
		{A22E537A-0ADD-42B0-89B5-E91137E824CA}.Release|Any CPU.Build.0 = Release|Any CPU
		{A22E537A-0ADD-42B0-89B5-E91137E824CA}.Release|x64.ActiveCfg = Release|Any CPU
		{A22E537A-0ADD-42B0-89B5-E91137E824CA}.Release|x64.Build.0 = Release|Any CPU
		{A22E537A-0ADD-42B0-89B5-E91137E824CA}.Release|x86.ActiveCfg = Release|Any CPU
		{A22E537A-0ADD-42B0-89B5-E91137E824CA}.Release|x86.Build.0 = Release|Any CPU
		{2D1B2524-4F83-4471-BAC0-B9A7C5E3EEF6}.Debug|Any CPU.ActiveCfg = Debug|Any CPU
		{2D1B2524-4F83-4471-BAC0-B9A7C5E3EEF6}.Debug|Any CPU.Build.0 = Debug|Any CPU
		{2D1B2524-4F83-4471-BAC0-B9A7C5E3EEF6}.Debug|x64.ActiveCfg = Debug|Any CPU
		{2D1B2524-4F83-4471-BAC0-B9A7C5E3EEF6}.Debug|x64.Build.0 = Debug|Any CPU
		{2D1B2524-4F83-4471-BAC0-B9A7C5E3EEF6}.Debug|x86.ActiveCfg = Debug|Any CPU
		{2D1B2524-4F83-4471-BAC0-B9A7C5E3EEF6}.Debug|x86.Build.0 = Debug|Any CPU
		{2D1B2524-4F83-4471-BAC0-B9A7C5E3EEF6}.Release|Any CPU.ActiveCfg = Release|Any CPU
		{2D1B2524-4F83-4471-BAC0-B9A7C5E3EEF6}.Release|Any CPU.Build.0 = Release|Any CPU
		{2D1B2524-4F83-4471-BAC0-B9A7C5E3EEF6}.Release|x64.ActiveCfg = Release|Any CPU
		{2D1B2524-4F83-4471-BAC0-B9A7C5E3EEF6}.Release|x64.Build.0 = Release|Any CPU
		{2D1B2524-4F83-4471-BAC0-B9A7C5E3EEF6}.Release|x86.ActiveCfg = Release|Any CPU
		{2D1B2524-4F83-4471-BAC0-B9A7C5E3EEF6}.Release|x86.Build.0 = Release|Any CPU
		{8FD45E4C-2ECD-40B4-A781-1447D0634C51}.Debug|Any CPU.ActiveCfg = Debug|Any CPU
		{8FD45E4C-2ECD-40B4-A781-1447D0634C51}.Debug|Any CPU.Build.0 = Debug|Any CPU
		{8FD45E4C-2ECD-40B4-A781-1447D0634C51}.Debug|x64.ActiveCfg = Debug|Any CPU
		{8FD45E4C-2ECD-40B4-A781-1447D0634C51}.Debug|x64.Build.0 = Debug|Any CPU
		{8FD45E4C-2ECD-40B4-A781-1447D0634C51}.Debug|x86.ActiveCfg = Debug|Any CPU
		{8FD45E4C-2ECD-40B4-A781-1447D0634C51}.Debug|x86.Build.0 = Debug|Any CPU
		{8FD45E4C-2ECD-40B4-A781-1447D0634C51}.Release|Any CPU.ActiveCfg = Release|Any CPU
		{8FD45E4C-2ECD-40B4-A781-1447D0634C51}.Release|Any CPU.Build.0 = Release|Any CPU
		{8FD45E4C-2ECD-40B4-A781-1447D0634C51}.Release|x64.ActiveCfg = Release|Any CPU
		{8FD45E4C-2ECD-40B4-A781-1447D0634C51}.Release|x64.Build.0 = Release|Any CPU
		{8FD45E4C-2ECD-40B4-A781-1447D0634C51}.Release|x86.ActiveCfg = Release|Any CPU
		{8FD45E4C-2ECD-40B4-A781-1447D0634C51}.Release|x86.Build.0 = Release|Any CPU
		{60267761-FF04-4328-8F3D-7915FEC21F4C}.Debug|Any CPU.ActiveCfg = Debug|Any CPU
		{60267761-FF04-4328-8F3D-7915FEC21F4C}.Debug|Any CPU.Build.0 = Debug|Any CPU
		{60267761-FF04-4328-8F3D-7915FEC21F4C}.Debug|x64.ActiveCfg = Debug|Any CPU
		{60267761-FF04-4328-8F3D-7915FEC21F4C}.Debug|x64.Build.0 = Debug|Any CPU
		{60267761-FF04-4328-8F3D-7915FEC21F4C}.Debug|x86.ActiveCfg = Debug|Any CPU
		{60267761-FF04-4328-8F3D-7915FEC21F4C}.Debug|x86.Build.0 = Debug|Any CPU
		{60267761-FF04-4328-8F3D-7915FEC21F4C}.Release|Any CPU.ActiveCfg = Release|Any CPU
		{60267761-FF04-4328-8F3D-7915FEC21F4C}.Release|Any CPU.Build.0 = Release|Any CPU
		{60267761-FF04-4328-8F3D-7915FEC21F4C}.Release|x64.ActiveCfg = Release|Any CPU
		{60267761-FF04-4328-8F3D-7915FEC21F4C}.Release|x64.Build.0 = Release|Any CPU
		{60267761-FF04-4328-8F3D-7915FEC21F4C}.Release|x86.ActiveCfg = Release|Any CPU
		{60267761-FF04-4328-8F3D-7915FEC21F4C}.Release|x86.Build.0 = Release|Any CPU
		{A98CDBE9-39AB-4BEB-81C2-9DB64A57B82A}.Debug|Any CPU.ActiveCfg = Debug|Any CPU
		{A98CDBE9-39AB-4BEB-81C2-9DB64A57B82A}.Debug|Any CPU.Build.0 = Debug|Any CPU
		{A98CDBE9-39AB-4BEB-81C2-9DB64A57B82A}.Debug|x64.ActiveCfg = Debug|Any CPU
		{A98CDBE9-39AB-4BEB-81C2-9DB64A57B82A}.Debug|x64.Build.0 = Debug|Any CPU
		{A98CDBE9-39AB-4BEB-81C2-9DB64A57B82A}.Debug|x86.ActiveCfg = Debug|Any CPU
		{A98CDBE9-39AB-4BEB-81C2-9DB64A57B82A}.Debug|x86.Build.0 = Debug|Any CPU
		{A98CDBE9-39AB-4BEB-81C2-9DB64A57B82A}.Release|Any CPU.ActiveCfg = Release|Any CPU
		{A98CDBE9-39AB-4BEB-81C2-9DB64A57B82A}.Release|Any CPU.Build.0 = Release|Any CPU
		{A98CDBE9-39AB-4BEB-81C2-9DB64A57B82A}.Release|x64.ActiveCfg = Release|Any CPU
		{A98CDBE9-39AB-4BEB-81C2-9DB64A57B82A}.Release|x64.Build.0 = Release|Any CPU
		{A98CDBE9-39AB-4BEB-81C2-9DB64A57B82A}.Release|x86.ActiveCfg = Release|Any CPU
		{A98CDBE9-39AB-4BEB-81C2-9DB64A57B82A}.Release|x86.Build.0 = Release|Any CPU
		{146E994E-A70C-44D3-9636-61D695C02DE2}.Debug|Any CPU.ActiveCfg = Debug|Any CPU
		{146E994E-A70C-44D3-9636-61D695C02DE2}.Debug|Any CPU.Build.0 = Debug|Any CPU
		{146E994E-A70C-44D3-9636-61D695C02DE2}.Debug|x64.ActiveCfg = Debug|Any CPU
		{146E994E-A70C-44D3-9636-61D695C02DE2}.Debug|x64.Build.0 = Debug|Any CPU
		{146E994E-A70C-44D3-9636-61D695C02DE2}.Debug|x86.ActiveCfg = Debug|Any CPU
		{146E994E-A70C-44D3-9636-61D695C02DE2}.Debug|x86.Build.0 = Debug|Any CPU
		{146E994E-A70C-44D3-9636-61D695C02DE2}.Release|Any CPU.ActiveCfg = Release|Any CPU
		{146E994E-A70C-44D3-9636-61D695C02DE2}.Release|Any CPU.Build.0 = Release|Any CPU
		{146E994E-A70C-44D3-9636-61D695C02DE2}.Release|x64.ActiveCfg = Release|Any CPU
		{146E994E-A70C-44D3-9636-61D695C02DE2}.Release|x64.Build.0 = Release|Any CPU
		{146E994E-A70C-44D3-9636-61D695C02DE2}.Release|x86.ActiveCfg = Release|Any CPU
		{146E994E-A70C-44D3-9636-61D695C02DE2}.Release|x86.Build.0 = Release|Any CPU
		{2ACA7C18-8B8A-4A35-A497-81C628AE3624}.Debug|Any CPU.ActiveCfg = Debug|Any CPU
		{2ACA7C18-8B8A-4A35-A497-81C628AE3624}.Debug|Any CPU.Build.0 = Debug|Any CPU
		{2ACA7C18-8B8A-4A35-A497-81C628AE3624}.Debug|x64.ActiveCfg = Debug|Any CPU
		{2ACA7C18-8B8A-4A35-A497-81C628AE3624}.Debug|x64.Build.0 = Debug|Any CPU
		{2ACA7C18-8B8A-4A35-A497-81C628AE3624}.Debug|x86.ActiveCfg = Debug|Any CPU
		{2ACA7C18-8B8A-4A35-A497-81C628AE3624}.Debug|x86.Build.0 = Debug|Any CPU
		{2ACA7C18-8B8A-4A35-A497-81C628AE3624}.Release|Any CPU.ActiveCfg = Release|Any CPU
		{2ACA7C18-8B8A-4A35-A497-81C628AE3624}.Release|Any CPU.Build.0 = Release|Any CPU
		{2ACA7C18-8B8A-4A35-A497-81C628AE3624}.Release|x64.ActiveCfg = Release|Any CPU
		{2ACA7C18-8B8A-4A35-A497-81C628AE3624}.Release|x64.Build.0 = Release|Any CPU
		{2ACA7C18-8B8A-4A35-A497-81C628AE3624}.Release|x86.ActiveCfg = Release|Any CPU
		{2ACA7C18-8B8A-4A35-A497-81C628AE3624}.Release|x86.Build.0 = Release|Any CPU
		{AFB90D66-6DDB-493F-8718-E602E5A185A0}.Debug|Any CPU.ActiveCfg = Debug|Any CPU
		{AFB90D66-6DDB-493F-8718-E602E5A185A0}.Debug|Any CPU.Build.0 = Debug|Any CPU
		{AFB90D66-6DDB-493F-8718-E602E5A185A0}.Debug|x64.ActiveCfg = Debug|Any CPU
		{AFB90D66-6DDB-493F-8718-E602E5A185A0}.Debug|x64.Build.0 = Debug|Any CPU
		{AFB90D66-6DDB-493F-8718-E602E5A185A0}.Debug|x86.ActiveCfg = Debug|Any CPU
		{AFB90D66-6DDB-493F-8718-E602E5A185A0}.Debug|x86.Build.0 = Debug|Any CPU
		{AFB90D66-6DDB-493F-8718-E602E5A185A0}.Release|Any CPU.ActiveCfg = Release|Any CPU
		{AFB90D66-6DDB-493F-8718-E602E5A185A0}.Release|Any CPU.Build.0 = Release|Any CPU
		{AFB90D66-6DDB-493F-8718-E602E5A185A0}.Release|x64.ActiveCfg = Release|Any CPU
		{AFB90D66-6DDB-493F-8718-E602E5A185A0}.Release|x64.Build.0 = Release|Any CPU
		{AFB90D66-6DDB-493F-8718-E602E5A185A0}.Release|x86.ActiveCfg = Release|Any CPU
		{AFB90D66-6DDB-493F-8718-E602E5A185A0}.Release|x86.Build.0 = Release|Any CPU
	EndGlobalSection
	GlobalSection(SolutionProperties) = preSolution
		HideSolutionNode = FALSE
	EndGlobalSection
	GlobalSection(NestedProjects) = preSolution
		{2EF83FF3-EBAF-4A50-97E4-1297CBD76172} = {0AB3BF05-4346-4AA6-1389-037BE0695223}
		{A2966F7F-AE15-4E48-9762-D41612979D5C} = {0AB3BF05-4346-4AA6-1389-037BE0695223}
		{DC547240-6002-4918-8763-C41F1EE717B8} = {0AB3BF05-4346-4AA6-1389-037BE0695223}
		{0D5FD122-2731-4383-8E90-18F01CD63FA6} = {0AB3BF05-4346-4AA6-1389-037BE0695223}
		{F0A87828-F60C-49BC-B032-E0C5B0D8D880} = {0AB3BF05-4346-4AA6-1389-037BE0695223}
		{51A0567E-9E2F-4DA4-A2AB-F201995E4003} = {0AB3BF05-4346-4AA6-1389-037BE0695223}
		{779892E4-B780-4A8A-9445-E7CC3FC7476E} = {0AB3BF05-4346-4AA6-1389-037BE0695223}
		{79508072-7292-4066-BD2E-F89A42F9A2D3} = {0AB3BF05-4346-4AA6-1389-037BE0695223}
		{A22E537A-0ADD-42B0-89B5-E91137E824CA} = {0AB3BF05-4346-4AA6-1389-037BE0695223}
		{2D1B2524-4F83-4471-BAC0-B9A7C5E3EEF6} = {0AB3BF05-4346-4AA6-1389-037BE0695223}
		{8FD45E4C-2ECD-40B4-A781-1447D0634C51} = {B36A84DF-456D-A817-6EDD-3EC3E7F6E11F}
		{60267761-FF04-4328-8F3D-7915FEC21F4C} = {D18C733F-F0AF-5D73-050B-FEB441D28B93}
		{A98CDBE9-39AB-4BEB-81C2-9DB64A57B82A} = {D18C733F-F0AF-5D73-050B-FEB441D28B93}
		{146E994E-A70C-44D3-9636-61D695C02DE2} = {D18C733F-F0AF-5D73-050B-FEB441D28B93}
		{2ACA7C18-8B8A-4A35-A497-81C628AE3624} = {0AB3BF05-4346-4AA6-1389-037BE0695223}
		{AFB90D66-6DDB-493F-8718-E602E5A185A0} = {66320409-64EC-F7C5-3DEF-65E7510DAAD1}
	EndGlobalSection
	GlobalSection(ExtensibilityGlobals) = postSolution
		SolutionGuid = {02628930-D57D-4AC6-9489-5E4B059E3955}
	EndGlobalSection
EndGlobal
